// !$*UTF8*$!
{
	archiveVersion = 1;
	classes = {
	};
	objectVersion = 77;
	objects = {

/* Begin PBXContainerItemProxy section */
		5FE84BAC2CBE777C000142E7 /* PBXContainerItemProxy */ = {
			isa = PBXContainerItemProxy;
			containerPortal = 5FE84B932CBE777B000142E7 /* Project object */;
			proxyType = 1;
			remoteGlobalIDString = 5FE84B9A2CBE777B000142E7;
			remoteInfo = "Cours SwiftUI 1";
		};
		5FE84BB62CBE777C000142E7 /* PBXContainerItemProxy */ = {
			isa = PBXContainerItemProxy;
			containerPortal = 5FE84B932CBE777B000142E7 /* Project object */;
			proxyType = 1;
			remoteGlobalIDString = 5FE84B9A2CBE777B000142E7;
			remoteInfo = "Cours SwiftUI 1";
		};
/* End PBXContainerItemProxy section */

/* Begin PBXFileReference section */
		5FE84B9B2CBE777B000142E7 /* Cours SwiftUI 1.app */ = {isa = PBXFileReference; explicitFileType = wrapper.application; includeInIndex = 0; path = "Cours SwiftUI 1.app"; sourceTree = BUILT_PRODUCTS_DIR; };
		5FE84BAB2CBE777C000142E7 /* Cours SwiftUI 1Tests.xctest */ = {isa = PBXFileReference; explicitFileType = wrapper.cfbundle; includeInIndex = 0; path = "Cours SwiftUI 1Tests.xctest"; sourceTree = BUILT_PRODUCTS_DIR; };
		5FE84BB52CBE777C000142E7 /* Cours SwiftUI 1UITests.xctest */ = {isa = PBXFileReference; explicitFileType = wrapper.cfbundle; includeInIndex = 0; path = "Cours SwiftUI 1UITests.xctest"; sourceTree = BUILT_PRODUCTS_DIR; };
/* End PBXFileReference section */

/* Begin PBXFileSystemSynchronizedRootGroup section */
		5FE84B9D2CBE777B000142E7 /* Cours SwiftUI 1 */ = {
			isa = PBXFileSystemSynchronizedRootGroup;
			path = "Cours SwiftUI 1";
			sourceTree = "<group>";
		};
		5FE84BAE2CBE777C000142E7 /* Cours SwiftUI 1Tests */ = {
			isa = PBXFileSystemSynchronizedRootGroup;
			path = "Cours SwiftUI 1Tests";
			sourceTree = "<group>";
		};
		5FE84BB82CBE777C000142E7 /* Cours SwiftUI 1UITests */ = {
			isa = PBXFileSystemSynchronizedRootGroup;
			path = "Cours SwiftUI 1UITests";
			sourceTree = "<group>";
		};
/* End PBXFileSystemSynchronizedRootGroup section */

/* Begin PBXFrameworksBuildPhase section */
		5FE84B982CBE777B000142E7 /* Frameworks */ = {
			isa = PBXFrameworksBuildPhase;
			buildActionMask = 2147483647;
			files = (
			);
			runOnlyForDeploymentPostprocessing = 0;
		};
		5FE84BA82CBE777C000142E7 /* Frameworks */ = {
			isa = PBXFrameworksBuildPhase;
			buildActionMask = 2147483647;
			files = (
			);
			runOnlyForDeploymentPostprocessing = 0;
		};
		5FE84BB22CBE777C000142E7 /* Frameworks */ = {
			isa = PBXFrameworksBuildPhase;
			buildActionMask = 2147483647;
			files = (
			);
			runOnlyForDeploymentPostprocessing = 0;
		};
/* End PBXFrameworksBuildPhase section */

/* Begin PBXGroup section */
		5FE84B922CBE777B000142E7 = {
			isa = PBXGroup;
			children = (
				5FE84B9D2CBE777B000142E7 /* Cours SwiftUI 1 */,
				5FE84BAE2CBE777C000142E7 /* Cours SwiftUI 1Tests */,
				5FE84BB82CBE777C000142E7 /* Cours SwiftUI 1UITests */,
				5FE84B9C2CBE777B000142E7 /* Products */,
			);
			sourceTree = "<group>";
		};
		5FE84B9C2CBE777B000142E7 /* Products */ = {
			isa = PBXGroup;
			children = (
				5FE84B9B2CBE777B000142E7 /* Cours SwiftUI 1.app */,
				5FE84BAB2CBE777C000142E7 /* Cours SwiftUI 1Tests.xctest */,
				5FE84BB52CBE777C000142E7 /* Cours SwiftUI 1UITests.xctest */,
			);
			name = Products;
			sourceTree = "<group>";
		};
/* End PBXGroup section */

/* Begin PBXNativeTarget section */
		5FE84B9A2CBE777B000142E7 /* Cours SwiftUI 1 */ = {
			isa = PBXNativeTarget;
			buildConfigurationList = 5FE84BBF2CBE777C000142E7 /* Build configuration list for PBXNativeTarget "Cours SwiftUI 1" */;
			buildPhases = (
				5FE84B972CBE777B000142E7 /* Sources */,
				5FE84B982CBE777B000142E7 /* Frameworks */,
				5FE84B992CBE777B000142E7 /* Resources */,
			);
			buildRules = (
			);
			dependencies = (
			);
			fileSystemSynchronizedGroups = (
				5FE84B9D2CBE777B000142E7 /* Cours SwiftUI 1 */,
			);
			name = "Cours SwiftUI 1";
			packageProductDependencies = (
			);
			productName = "Cours SwiftUI 1";
			productReference = 5FE84B9B2CBE777B000142E7 /* Cours SwiftUI 1.app */;
			productType = "com.apple.product-type.application";
		};
		5FE84BAA2CBE777C000142E7 /* Cours SwiftUI 1Tests */ = {
			isa = PBXNativeTarget;
			buildConfigurationList = 5FE84BC22CBE777C000142E7 /* Build configuration list for PBXNativeTarget "Cours SwiftUI 1Tests" */;
			buildPhases = (
				5FE84BA72CBE777C000142E7 /* Sources */,
				5FE84BA82CBE777C000142E7 /* Frameworks */,
				5FE84BA92CBE777C000142E7 /* Resources */,
			);
			buildRules = (
			);
			dependencies = (
				5FE84BAD2CBE777C000142E7 /* PBXTargetDependency */,
			);
			fileSystemSynchronizedGroups = (
				5FE84BAE2CBE777C000142E7 /* Cours SwiftUI 1Tests */,
			);
			name = "Cours SwiftUI 1Tests";
			packageProductDependencies = (
			);
			productName = "Cours SwiftUI 1Tests";
			productReference = 5FE84BAB2CBE777C000142E7 /* Cours SwiftUI 1Tests.xctest */;
			productType = "com.apple.product-type.bundle.unit-test";
		};
		5FE84BB42CBE777C000142E7 /* Cours SwiftUI 1UITests */ = {
			isa = PBXNativeTarget;
			buildConfigurationList = 5FE84BC52CBE777C000142E7 /* Build configuration list for PBXNativeTarget "Cours SwiftUI 1UITests" */;
			buildPhases = (
				5FE84BB12CBE777C000142E7 /* Sources */,
				5FE84BB22CBE777C000142E7 /* Frameworks */,
				5FE84BB32CBE777C000142E7 /* Resources */,
			);
			buildRules = (
			);
			dependencies = (
				5FE84BB72CBE777C000142E7 /* PBXTargetDependency */,
			);
			fileSystemSynchronizedGroups = (
				5FE84BB82CBE777C000142E7 /* Cours SwiftUI 1UITests */,
			);
			name = "Cours SwiftUI 1UITests";
			packageProductDependencies = (
			);
			productName = "Cours SwiftUI 1UITests";
			productReference = 5FE84BB52CBE777C000142E7 /* Cours SwiftUI 1UITests.xctest */;
			productType = "com.apple.product-type.bundle.ui-testing";
		};
/* End PBXNativeTarget section */

/* Begin PBXProject section */
		5FE84B932CBE777B000142E7 /* Project object */ = {
			isa = PBXProject;
			attributes = {
				BuildIndependentTargetsInParallel = 1;
				LastSwiftUpdateCheck = 1600;
				LastUpgradeCheck = 1600;
				TargetAttributes = {
					5FE84B9A2CBE777B000142E7 = {
						CreatedOnToolsVersion = 16.0;
					};
					5FE84BAA2CBE777C000142E7 = {
						CreatedOnToolsVersion = 16.0;
						TestTargetID = 5FE84B9A2CBE777B000142E7;
					};
					5FE84BB42CBE777C000142E7 = {
						CreatedOnToolsVersion = 16.0;
						TestTargetID = 5FE84B9A2CBE777B000142E7;
					};
				};
			};
			buildConfigurationList = 5FE84B962CBE777B000142E7 /* Build configuration list for PBXProject "Cours SwiftUI 1" */;
			developmentRegion = en;
			hasScannedForEncodings = 0;
			knownRegions = (
				en,
				Base,
			);
			mainGroup = 5FE84B922CBE777B000142E7;
			minimizedProjectReferenceProxies = 1;
			preferredProjectObjectVersion = 77;
			productRefGroup = 5FE84B9C2CBE777B000142E7 /* Products */;
			projectDirPath = "";
			projectRoot = "";
			targets = (
				5FE84B9A2CBE777B000142E7 /* Cours SwiftUI 1 */,
				5FE84BAA2CBE777C000142E7 /* Cours SwiftUI 1Tests */,
				5FE84BB42CBE777C000142E7 /* Cours SwiftUI 1UITests */,
			);
		};
/* End PBXProject section */

/* Begin PBXResourcesBuildPhase section */
		5FE84B992CBE777B000142E7 /* Resources */ = {
			isa = PBXResourcesBuildPhase;
			buildActionMask = 2147483647;
			files = (
			);
			runOnlyForDeploymentPostprocessing = 0;
		};
		5FE84BA92CBE777C000142E7 /* Resources */ = {
			isa = PBXResourcesBuildPhase;
			buildActionMask = 2147483647;
			files = (
			);
			runOnlyForDeploymentPostprocessing = 0;
		};
		5FE84BB32CBE777C000142E7 /* Resources */ = {
			isa = PBXResourcesBuildPhase;
			buildActionMask = 2147483647;
			files = (
			);
			runOnlyForDeploymentPostprocessing = 0;
		};
/* End PBXResourcesBuildPhase section */

/* Begin PBXSourcesBuildPhase section */
		5FE84B972CBE777B000142E7 /* Sources */ = {
			isa = PBXSourcesBuildPhase;
			buildActionMask = 2147483647;
			files = (
			);
			runOnlyForDeploymentPostprocessing = 0;
		};
		5FE84BA72CBE777C000142E7 /* Sources */ = {
			isa = PBXSourcesBuildPhase;
			buildActionMask = 2147483647;
			files = (
			);
			runOnlyForDeploymentPostprocessing = 0;
		};
		5FE84BB12CBE777C000142E7 /* Sources */ = {
			isa = PBXSourcesBuildPhase;
			buildActionMask = 2147483647;
			files = (
			);
			runOnlyForDeploymentPostprocessing = 0;
		};
/* End PBXSourcesBuildPhase section */

/* Begin PBXTargetDependency section */
		5FE84BAD2CBE777C000142E7 /* PBXTargetDependency */ = {
			isa = PBXTargetDependency;
			target = 5FE84B9A2CBE777B000142E7 /* Cours SwiftUI 1 */;
			targetProxy = 5FE84BAC2CBE777C000142E7 /* PBXContainerItemProxy */;
		};
		5FE84BB72CBE777C000142E7 /* PBXTargetDependency */ = {
			isa = PBXTargetDependency;
			target = 5FE84B9A2CBE777B000142E7 /* Cours SwiftUI 1 */;
			targetProxy = 5FE84BB62CBE777C000142E7 /* PBXContainerItemProxy */;
		};
/* End PBXTargetDependency section */

/* Begin XCBuildConfiguration section */
		5FE84BBD2CBE777C000142E7 /* Debug */ = {
			isa = XCBuildConfiguration;
			buildSettings = {
				ALWAYS_SEARCH_USER_PATHS = NO;
				ASSETCATALOG_COMPILER_GENERATE_SWIFT_ASSET_SYMBOL_EXTENSIONS = YES;
				CLANG_ANALYZER_NONNULL = YES;
				CLANG_ANALYZER_NUMBER_OBJECT_CONVERSION = YES_AGGRESSIVE;
				CLANG_CXX_LANGUAGE_STANDARD = "gnu++20";
				CLANG_ENABLE_MODULES = YES;
				CLANG_ENABLE_OBJC_ARC = YES;
				CLANG_ENABLE_OBJC_WEAK = YES;
				CLANG_WARN_BLOCK_CAPTURE_AUTORELEASING = YES;
				CLANG_WARN_BOOL_CONVERSION = YES;
				CLANG_WARN_COMMA = YES;
				CLANG_WARN_CONSTANT_CONVERSION = YES;
				CLANG_WARN_DEPRECATED_OBJC_IMPLEMENTATIONS = YES;
				CLANG_WARN_DIRECT_OBJC_ISA_USAGE = YES_ERROR;
				CLANG_WARN_DOCUMENTATION_COMMENTS = YES;
				CLANG_WARN_EMPTY_BODY = YES;
				CLANG_WARN_ENUM_CONVERSION = YES;
				CLANG_WARN_INFINITE_RECURSION = YES;
				CLANG_WARN_INT_CONVERSION = YES;
				CLANG_WARN_NON_LITERAL_NULL_CONVERSION = YES;
				CLANG_WARN_OBJC_IMPLICIT_RETAIN_SELF = YES;
				CLANG_WARN_OBJC_LITERAL_CONVERSION = YES;
				CLANG_WARN_OBJC_ROOT_CLASS = YES_ERROR;
				CLANG_WARN_QUOTED_INCLUDE_IN_FRAMEWORK_HEADER = YES;
				CLANG_WARN_RANGE_LOOP_ANALYSIS = YES;
				CLANG_WARN_STRICT_PROTOTYPES = YES;
				CLANG_WARN_SUSPICIOUS_MOVE = YES;
				CLANG_WARN_UNGUARDED_AVAILABILITY = YES_AGGRESSIVE;
				CLANG_WARN_UNREACHABLE_CODE = YES;
				CLANG_WARN__DUPLICATE_METHOD_MATCH = YES;
				COPY_PHASE_STRIP = NO;
				DEBUG_INFORMATION_FORMAT = dwarf;
				ENABLE_STRICT_OBJC_MSGSEND = YES;
				ENABLE_TESTABILITY = YES;
				ENABLE_USER_SCRIPT_SANDBOXING = YES;
				GCC_C_LANGUAGE_STANDARD = gnu17;
				GCC_DYNAMIC_NO_PIC = NO;
				GCC_NO_COMMON_BLOCKS = YES;
				GCC_OPTIMIZATION_LEVEL = 0;
				GCC_PREPROCESSOR_DEFINITIONS = (
					"DEBUG=1",
					"$(inherited)",
				);
				GCC_WARN_64_TO_32_BIT_CONVERSION = YES;
				GCC_WARN_ABOUT_RETURN_TYPE = YES_ERROR;
				GCC_WARN_UNDECLARED_SELECTOR = YES;
				GCC_WARN_UNINITIALIZED_AUTOS = YES_AGGRESSIVE;
				GCC_WARN_UNUSED_FUNCTION = YES;
				GCC_WARN_UNUSED_VARIABLE = YES;
				IPHONEOS_DEPLOYMENT_TARGET = 18.0;
				LOCALIZATION_PREFERS_STRING_CATALOGS = YES;
				MTL_ENABLE_DEBUG_INFO = INCLUDE_SOURCE;
				MTL_FAST_MATH = YES;
				ONLY_ACTIVE_ARCH = YES;
				SDKROOT = iphoneos;
				SWIFT_ACTIVE_COMPILATION_CONDITIONS = "DEBUG $(inherited)";
				SWIFT_OPTIMIZATION_LEVEL = "-Onone";
			};
			name = Debug;
		};
		5FE84BBE2CBE777C000142E7 /* Release */ = {
			isa = XCBuildConfiguration;
			buildSettings = {
				ALWAYS_SEARCH_USER_PATHS = NO;
				ASSETCATALOG_COMPILER_GENERATE_SWIFT_ASSET_SYMBOL_EXTENSIONS = YES;
				CLANG_ANALYZER_NONNULL = YES;
				CLANG_ANALYZER_NUMBER_OBJECT_CONVERSION = YES_AGGRESSIVE;
				CLANG_CXX_LANGUAGE_STANDARD = "gnu++20";
				CLANG_ENABLE_MODULES = YES;
				CLANG_ENABLE_OBJC_ARC = YES;
				CLANG_ENABLE_OBJC_WEAK = YES;
				CLANG_WARN_BLOCK_CAPTURE_AUTORELEASING = YES;
				CLANG_WARN_BOOL_CONVERSION = YES;
				CLANG_WARN_COMMA = YES;
				CLANG_WARN_CONSTANT_CONVERSION = YES;
				CLANG_WARN_DEPRECATED_OBJC_IMPLEMENTATIONS = YES;
				CLANG_WARN_DIRECT_OBJC_ISA_USAGE = YES_ERROR;
				CLANG_WARN_DOCUMENTATION_COMMENTS = YES;
				CLANG_WARN_EMPTY_BODY = YES;
				CLANG_WARN_ENUM_CONVERSION = YES;
				CLANG_WARN_INFINITE_RECURSION = YES;
				CLANG_WARN_INT_CONVERSION = YES;
				CLANG_WARN_NON_LITERAL_NULL_CONVERSION = YES;
				CLANG_WARN_OBJC_IMPLICIT_RETAIN_SELF = YES;
				CLANG_WARN_OBJC_LITERAL_CONVERSION = YES;
				CLANG_WARN_OBJC_ROOT_CLASS = YES_ERROR;
				CLANG_WARN_QUOTED_INCLUDE_IN_FRAMEWORK_HEADER = YES;
				CLANG_WARN_RANGE_LOOP_ANALYSIS = YES;
				CLANG_WARN_STRICT_PROTOTYPES = YES;
				CLANG_WARN_SUSPICIOUS_MOVE = YES;
				CLANG_WARN_UNGUARDED_AVAILABILITY = YES_AGGRESSIVE;
				CLANG_WARN_UNREACHABLE_CODE = YES;
				CLANG_WARN__DUPLICATE_METHOD_MATCH = YES;
				COPY_PHASE_STRIP = NO;
				DEBUG_INFORMATION_FORMAT = "dwarf-with-dsym";
				ENABLE_NS_ASSERTIONS = NO;
				ENABLE_STRICT_OBJC_MSGSEND = YES;
				ENABLE_USER_SCRIPT_SANDBOXING = YES;
				GCC_C_LANGUAGE_STANDARD = gnu17;
				GCC_NO_COMMON_BLOCKS = YES;
				GCC_WARN_64_TO_32_BIT_CONVERSION = YES;
				GCC_WARN_ABOUT_RETURN_TYPE = YES_ERROR;
				GCC_WARN_UNDECLARED_SELECTOR = YES;
				GCC_WARN_UNINITIALIZED_AUTOS = YES_AGGRESSIVE;
				GCC_WARN_UNUSED_FUNCTION = YES;
				GCC_WARN_UNUSED_VARIABLE = YES;
				IPHONEOS_DEPLOYMENT_TARGET = 18.0;
				LOCALIZATION_PREFERS_STRING_CATALOGS = YES;
				MTL_ENABLE_DEBUG_INFO = NO;
				MTL_FAST_MATH = YES;
				SDKROOT = iphoneos;
				SWIFT_COMPILATION_MODE = wholemodule;
				VALIDATE_PRODUCT = YES;
			};
			name = Release;
		};
		5FE84BC02CBE777C000142E7 /* Debug */ = {
			isa = XCBuildConfiguration;
			buildSettings = {
				ASSETCATALOG_COMPILER_APPICON_NAME = AppIcon;
				ASSETCATALOG_COMPILER_GLOBAL_ACCENT_COLOR_NAME = AccentColor;
				CODE_SIGN_STYLE = Automatic;
				CURRENT_PROJECT_VERSION = 1;
				DEVELOPMENT_ASSET_PATHS = "\"Cours SwiftUI 1/Preview Content\"";
				ENABLE_PREVIEWS = YES;
				GENERATE_INFOPLIST_FILE = YES;
				INFOPLIST_KEY_UIApplicationSceneManifest_Generation = YES;
				INFOPLIST_KEY_UIApplicationSupportsIndirectInputEvents = YES;
				INFOPLIST_KEY_UILaunchScreen_Generation = YES;
				INFOPLIST_KEY_UISupportedInterfaceOrientations_iPad = "UIInterfaceOrientationPortrait UIInterfaceOrientationPortraitUpsideDown UIInterfaceOrientationLandscapeLeft UIInterfaceOrientationLandscapeRight";
				INFOPLIST_KEY_UISupportedInterfaceOrientations_iPhone = "UIInterfaceOrientationPortrait UIInterfaceOrientationLandscapeLeft UIInterfaceOrientationLandscapeRight";
				LD_RUNPATH_SEARCH_PATHS = (
					"$(inherited)",
					"@executable_path/Frameworks",
				);
				MARKETING_VERSION = 1.0;
				PRODUCT_BUNDLE_IDENTIFIER = "-.Cours-SwiftUI-1";
				PRODUCT_NAME = "$(TARGET_NAME)";
				SWIFT_EMIT_LOC_STRINGS = YES;
				SWIFT_VERSION = 5.0;
				TARGETED_DEVICE_FAMILY = "1,2";
			};
			name = Debug;
		};
		5FE84BC12CBE777C000142E7 /* Release */ = {
			isa = XCBuildConfiguration;
			buildSettings = {
				ASSETCATALOG_COMPILER_APPICON_NAME = AppIcon;
				ASSETCATALOG_COMPILER_GLOBAL_ACCENT_COLOR_NAME = AccentColor;
				CODE_SIGN_STYLE = Automatic;
				CURRENT_PROJECT_VERSION = 1;
				DEVELOPMENT_ASSET_PATHS = "\"Cours SwiftUI 1/Preview Content\"";
				ENABLE_PREVIEWS = YES;
				GENERATE_INFOPLIST_FILE = YES;
				INFOPLIST_KEY_UIApplicationSceneManifest_Generation = YES;
				INFOPLIST_KEY_UIApplicationSupportsIndirectInputEvents = YES;
				INFOPLIST_KEY_UILaunchScreen_Generation = YES;
				INFOPLIST_KEY_UISupportedInterfaceOrientations_iPad = "UIInterfaceOrientationPortrait UIInterfaceOrientationPortraitUpsideDown UIInterfaceOrientationLandscapeLeft UIInterfaceOrientationLandscapeRight";
				INFOPLIST_KEY_UISupportedInterfaceOrientations_iPhone = "UIInterfaceOrientationPortrait UIInterfaceOrientationLandscapeLeft UIInterfaceOrientationLandscapeRight";
				LD_RUNPATH_SEARCH_PATHS = (
					"$(inherited)",
					"@executable_path/Frameworks",
				);
				MARKETING_VERSION = 1.0;
				PRODUCT_BUNDLE_IDENTIFIER = "-.Cours-SwiftUI-1";
				PRODUCT_NAME = "$(TARGET_NAME)";
				SWIFT_EMIT_LOC_STRINGS = YES;
				SWIFT_VERSION = 5.0;
				TARGETED_DEVICE_FAMILY = "1,2";
			};
			name = Release;
		};
		5FE84BC32CBE777C000142E7 /* Debug */ = {
			isa = XCBuildConfiguration;
			buildSettings = {
				BUNDLE_LOADER = "$(TEST_HOST)";
				CODE_SIGN_STYLE = Automatic;
				CURRENT_PROJECT_VERSION = 1;
				GENERATE_INFOPLIST_FILE = YES;
				IPHONEOS_DEPLOYMENT_TARGET = 18.0;
				MARKETING_VERSION = 1.0;
				PRODUCT_BUNDLE_IDENTIFIER = "-.Cours-SwiftUI-1Tests";
				PRODUCT_NAME = "$(TARGET_NAME)";
				SWIFT_EMIT_LOC_STRINGS = NO;
				SWIFT_VERSION = 5.0;
				TARGETED_DEVICE_FAMILY = "1,2";
				TEST_HOST = "$(BUILT_PRODUCTS_DIR)/Cours SwiftUI 1.app/$(BUNDLE_EXECUTABLE_FOLDER_PATH)/Cours SwiftUI 1";
			};
			name = Debug;
		};
		5FE84BC42CBE777C000142E7 /* Release */ = {
			isa = XCBuildConfiguration;
			buildSettings = {
				BUNDLE_LOADER = "$(TEST_HOST)";
				CODE_SIGN_STYLE = Automatic;
				CURRENT_PROJECT_VERSION = 1;
				GENERATE_INFOPLIST_FILE = YES;
				IPHONEOS_DEPLOYMENT_TARGET = 18.0;
				MARKETING_VERSION = 1.0;
				PRODUCT_BUNDLE_IDENTIFIER = "-.Cours-SwiftUI-1Tests";
				PRODUCT_NAME = "$(TARGET_NAME)";
				SWIFT_EMIT_LOC_STRINGS = NO;
				SWIFT_VERSION = 5.0;
				TARGETED_DEVICE_FAMILY = "1,2";
				TEST_HOST = "$(BUILT_PRODUCTS_DIR)/Cours SwiftUI 1.app/$(BUNDLE_EXECUTABLE_FOLDER_PATH)/Cours SwiftUI 1";
			};
			name = Release;
		};
		5FE84BC62CBE777C000142E7 /* Debug */ = {
			isa = XCBuildConfiguration;
			buildSettings = {
				CODE_SIGN_STYLE = Automatic;
				CURRENT_PROJECT_VERSION = 1;
				GENERATE_INFOPLIST_FILE = YES;
				MARKETING_VERSION = 1.0;
				PRODUCT_BUNDLE_IDENTIFIER = "-.Cours-SwiftUI-1UITests";
				PRODUCT_NAME = "$(TARGET_NAME)";
				SWIFT_EMIT_LOC_STRINGS = NO;
				SWIFT_VERSION = 5.0;
				TARGETED_DEVICE_FAMILY = "1,2";
				TEST_TARGET_NAME = "Cours SwiftUI 1";
			};
			name = Debug;
		};
		5FE84BC72CBE777C000142E7 /* Release */ = {
			isa = XCBuildConfiguration;
			buildSettings = {
				CODE_SIGN_STYLE = Automatic;
				CURRENT_PROJECT_VERSION = 1;
				GENERATE_INFOPLIST_FILE = YES;
				MARKETING_VERSION = 1.0;
				PRODUCT_BUNDLE_IDENTIFIER = "-.Cours-SwiftUI-1UITests";
				PRODUCT_NAME = "$(TARGET_NAME)";
				SWIFT_EMIT_LOC_STRINGS = NO;
				SWIFT_VERSION = 5.0;
				TARGETED_DEVICE_FAMILY = "1,2";
				TEST_TARGET_NAME = "Cours SwiftUI 1";
			};
			name = Release;
		};
/* End XCBuildConfiguration section */

/* Begin XCConfigurationList section */
		5FE84B962CBE777B000142E7 /* Build configuration list for PBXProject "Cours SwiftUI 1" */ = {
			isa = XCConfigurationList;
			buildConfigurations = (
				5FE84BBD2CBE777C000142E7 /* Debug */,
				5FE84BBE2CBE777C000142E7 /* Release */,
			);
			defaultConfigurationIsVisible = 0;
			defaultConfigurationName = Release;
		};
		5FE84BBF2CBE777C000142E7 /* Build configuration list for PBXNativeTarget "Cours SwiftUI 1" */ = {
			isa = XCConfigurationList;
			buildConfigurations = (
				5FE84BC02CBE777C000142E7 /* Debug */,
				5FE84BC12CBE777C000142E7 /* Release */,
			);
			defaultConfigurationIsVisible = 0;
			defaultConfigurationName = Release;
		};
		5FE84BC22CBE777C000142E7 /* Build configuration list for PBXNativeTarget "Cours SwiftUI 1Tests" */ = {
			isa = XCConfigurationList;
			buildConfigurations = (
				5FE84BC32CBE777C000142E7 /* Debug */,
				5FE84BC42CBE777C000142E7 /* Release */,
			);
			defaultConfigurationIsVisible = 0;
			defaultConfigurationName = Release;
		};
		5FE84BC52CBE777C000142E7 /* Build configuration list for PBXNativeTarget "Cours SwiftUI 1UITests" */ = {
			isa = XCConfigurationList;
			buildConfigurations = (
				5FE84BC62CBE777C000142E7 /* Debug */,
				5FE84BC72CBE777C000142E7 /* Release */,
			);
			defaultConfigurationIsVisible = 0;
			defaultConfigurationName = Release;
		};
/* End XCConfigurationList section */
	};
	rootObject = 5FE84B932CBE777B000142E7 /* Project object */;
}
